{
  "name": "metadata-messenger-js",
  "lockfileVersion": 3,
  "requires": true,
  "packages": {
    "": {
      "name": "metadata-messenger-js",
      "dependencies": {
        "@noble/ciphers": "1.0.0",
        "@noble/hashes": "1.3.3"
      }
    },
    "node_modules/@noble/ciphers": {
      "version": "1.0.0",
      "resolved": "https://registry.npmjs.org/@noble/ciphers/-/ciphers-1.0.0.tgz",
      "integrity": "sha512-wH5EHOmLi0rEazphPbecAzmjd12I6/Yv/SiHdkA9LSycsQk7RuuTp7am5/o62qYr0RScE7Pc9icXGBbsr6cesA==",
      "license": "MIT",
      "engines": {
        "node": "^14.21.3 || >=16"
      },
      "funding": {
        "url": "https://paulmillr.com/funding/"
      }
    },
    "node_modules/@noble/hashes": {
      "version": "1.3.3",
      "resolved": "https://registry.npmjs.org/@noble/hashes/-/hashes-1.3.3.tgz",
      "integrity": "sha512-V7/fPHgl+jsVPXqqeOzT8egNj2iBIVt+ECeMMG8TdcnTikP3oaBtUVqpT/gYCR68aEBJSF+XbYUxStjbFMqIIA==",
      "license": "MIT",
      "engines": {
        "node": ">= 16"
      },
      "funding": {
        "url": "https://paulmillr.com/funding/"
      }
    }
  }
}
